
Microsoft Visual Studio Solution File, Format Version 12.00
# Visual Studio Version 17
VisualStudioVersion = 17.14.36429.23 d17.14
MinimumVisualStudioVersion = 10.0.40219.1
Project("{FAE04EC0-301F-11D3-BF4B-00C04F79EFBC}") = "diffit-test", "diffit-test.csproj", "{2620A92D-944B-4B27-A86C-EF85A40994A1}"
EndProject
Global
	GlobalSection(SolutionConfigurationPlatforms) = preSolution
		Debug|Any CPU = Debug|Any CPU
		Release|Any CPU = Release|Any CPU
	EndGlobalSection
	GlobalSection(ProjectConfigurationPlatforms) = postSolution
		{2620A92D-944B-4B27-A86C-EF85A40994A1}.Debug|Any CPU.ActiveCfg = Debug|Any CPU
		{2620A92D-944B-4B27-A86C-EF85A40994A1}.Debug|Any CPU.Build.0 = Debug|Any CPU
		{2620A92D-944B-4B27-A86C-EF85A40994A1}.Release|Any CPU.ActiveCfg = Release|Any CPU
		{2620A92D-944B-4B27-A86C-EF85A40994A1}.Release|Any CPU.Build.0 = Release|Any CPU
	EndGlobalSection
	GlobalSection(SolutionProperties) = preSolution
		HideSolutionNode = FALSE
	EndGlobalSection
	GlobalSection(ExtensibilityGlobals) = postSolution
		SolutionGuid = {3FC74A38-8851-429F-95FF-C51D4E222F89}
	EndGlobalSection
EndGlobal
