
Microsoft Visual Studio Solution File, Format Version 12.00
# Visual Studio Version 17
VisualStudioVersion = 17.2.32630.192
MinimumVisualStudioVersion = 10.0.40219.1
Project("{FAE04EC0-301F-11D3-BF4B-00C04F79EFBC}") = "marche", "marche\marche.csproj", "{72131357-C5E6-4940-B975-2F3BDF36980B}"
EndProject
Global
	GlobalSection(SolutionConfigurationPlatforms) = preSolution
		Debug|Any CPU = Debug|Any CPU
		Release|Any CPU = Release|Any CPU
	EndGlobalSection
	GlobalSection(ProjectConfigurationPlatforms) = postSolution
		{72131357-C5E6-4940-B975-2F3BDF36980B}.Debug|Any CPU.ActiveCfg = Debug|Any CPU
		{72131357-C5E6-4940-B975-2F3BDF36980B}.Debug|Any CPU.Build.0 = Debug|Any CPU
		{72131357-C5E6-4940-B975-2F3BDF36980B}.Release|Any CPU.ActiveCfg = Release|Any CPU
		{72131357-C5E6-4940-B975-2F3BDF36980B}.Release|Any CPU.Build.0 = Release|Any CPU
	EndGlobalSection
	GlobalSection(SolutionProperties) = preSolution
		HideSolutionNode = FALSE
	EndGlobalSection
	GlobalSection(ExtensibilityGlobals) = postSolution
		SolutionGuid = {D4FD9A38-4A7A-4947-9780-02D376C8713F}
	EndGlobalSection
EndGlobal
